
Microsoft Visual Studio Solution File, Format Version 12.00
# Visual Studio 15
VisualStudioVersion = 15.0.27004.2005
MinimumVisualStudioVersion = 10.0.40219.1
Project("{8BC9CEB8-8B4A-11D0-8D11-00A0C91BC942}") = "Project 3", "Project 3\Project 3.vcxproj", "{9413EEFC-EBFE-41AD-AE54-0DA6708D99A4}"
EndProject
Global
	GlobalSection(SolutionConfigurationPlatforms) = preSolution
		Debug|x64 = Debug|x64
		Debug|x86 = Debug|x86
		Release|x64 = Release|x64
		Release|x86 = Release|x86
	EndGlobalSection
	GlobalSection(ProjectConfigurationPlatforms) = postSolution
		{9413EEFC-EBFE-41AD-AE54-0DA6708D99A4}.Debug|x64.ActiveCfg = Debug|x64
		{9413EEFC-EBFE-41AD-AE54-0DA6708D99A4}.Debug|x64.Build.0 = Debug|x64
		{9413EEFC-EBFE-41AD-AE54-0DA6708D99A4}.Debug|x86.ActiveCfg = Debug|Win32
		{9413EEFC-EBFE-41AD-AE54-0DA6708D99A4}.Debug|x86.Build.0 = Debug|Win32
		{9413EEFC-EBFE-41AD-AE54-0DA6708D99A4}.Release|x64.ActiveCfg = Release|x64
		{9413EEFC-EBFE-41AD-AE54-0DA6708D99A4}.Release|x64.Build.0 = Release|x64
		{9413EEFC-EBFE-41AD-AE54-0DA6708D99A4}.Release|x86.ActiveCfg = Release|Win32
		{9413EEFC-EBFE-41AD-AE54-0DA6708D99A4}.Release|x86.Build.0 = Release|Win32
	EndGlobalSection
	GlobalSection(SolutionProperties) = preSolution
		HideSolutionNode = FALSE
	EndGlobalSection
	GlobalSection(ExtensibilityGlobals) = postSolution
		SolutionGuid = {0D245657-BF65-43F5-9AC9-92F6C9DF7B08}
	EndGlobalSection
EndGlobal
